
Microsoft Visual Studio Solution File, Format Version 12.00
# Visual Studio Version 17
VisualStudioVersion = 17.7.34202.233
MinimumVisualStudioVersion = 10.0.40219.1
Project("{FAE04EC0-301F-11D3-BF4B-00C04F79EFBC}") = "HangmanGame", "HangmanGame\HangmanGame.csproj", "{553DC3AA-DBD3-47AB-A5D4-5535F4EDB978}"
EndProject
Global
	GlobalSection(SolutionConfigurationPlatforms) = preSolution
		Debug|Any CPU = Debug|Any CPU
		Release|Any CPU = Release|Any CPU
	EndGlobalSection
	GlobalSection(ProjectConfigurationPlatforms) = postSolution
		{553DC3AA-DBD3-47AB-A5D4-5535F4EDB978}.Debug|Any CPU.ActiveCfg = Debug|Any CPU
		{553DC3AA-DBD3-47AB-A5D4-5535F4EDB978}.Debug|Any CPU.Build.0 = Debug|Any CPU
		{553DC3AA-DBD3-47AB-A5D4-5535F4EDB978}.Debug|Any CPU.Deploy.0 = Debug|Any CPU
		{553DC3AA-DBD3-47AB-A5D4-5535F4EDB978}.Release|Any CPU.ActiveCfg = Release|Any CPU
		{553DC3AA-DBD3-47AB-A5D4-5535F4EDB978}.Release|Any CPU.Build.0 = Release|Any CPU
		{553DC3AA-DBD3-47AB-A5D4-5535F4EDB978}.Release|Any CPU.Deploy.0 = Release|Any CPU
	EndGlobalSection
	GlobalSection(SolutionProperties) = preSolution
		HideSolutionNode = FALSE
	EndGlobalSection
	GlobalSection(ExtensibilityGlobals) = postSolution
		SolutionGuid = {E366AAB7-3F78-4ABF-99EC-906FF4D647DA}
	EndGlobalSection
EndGlobal
